version = 1
requires-python = ">=3.12"

[manifest]
members = [
    "finnr",
    "finnr-codegen",
    "finnr-testutils",
]

[[package]]
name = "colorama"
version = "0.4.6"
source = { registry = "https://pypi.org/simple" }
sdist = { url = "https://files.pythonhosted.org/packages/d8/53/6f443c9a4a8358a93a6792e2acffb9d9d5cb0a5cfd8802644b7b1c9a02e4/colorama-0.4.6.tar.gz", hash = "sha256:08695f5cb7ed6e0531a20572697297273c47b8cae5a63ffc6d6ed5c201be6e44", size = 27697 }
wheels = [
    { url = "https://files.pythonhosted.org/packages/d1/d6/3965ed04c63042e047cb6a3e6ed1a63a35087b6a609aa3a15ed8ac56c221/colorama-0.4.6-py2.py3-none-any.whl", hash = "sha256:4f1d9991f5acc0ca119f9d443620b77f9d6b33703e51011c16baf57afb285fc6", size = 25335 },
]

[[package]]
name = "docnote"
version = "2025.5.26.1"
source = { registry = "https://pypi.org/simple" }
sdist = { url = "https://files.pythonhosted.org/packages/7b/5e/aaead2ffc02bcb36bb4fce3c830ad4ddbda3336c91aefe1938943ffae434/docnote-2025.5.26.1.tar.gz", hash = "sha256:c306da125104516cb15c91c3702225db223d61902cfa57f9cfdb5853687fe542", size = 1457 }
wheels = [
    { url = "https://files.pythonhosted.org/packages/6f/51/330f1c07cdeeec7bc41c4161d7b1f0aa202b10d24594451d636bed7b74f9/docnote-2025.5.26.1-py3-none-any.whl", hash = "sha256:d6206a8237de3042743a181dd0f3b9b9c3b78a7f02ad0b56b3145ce94c56a0d4", size = 1732 },
]

[[package]]
name = "finnr"
source = { editable = "." }
dependencies = [
    { name = "docnote" },
]

[package.dev-dependencies]
lint = [
    { name = "ruff" },
]
repl = [
    { name = "finnr-codegen" },
    { name = "pycountry" },
    { name = "templatey" },
    { name = "wat-inspector" },
    { name = "whenever" },
]
test = [
    { name = "finnr-testutils" },
    { name = "pytest" },
]

[package.metadata]
requires-dist = [{ name = "docnote", specifier = ">=2025.5.26.1" }]

[package.metadata.requires-dev]
lint = [{ name = "ruff", specifier = ">=0.3.3" }]
repl = [
    { name = "finnr-codegen", editable = "sidecars_py/finnr_codegen" },
    { name = "pycountry", specifier = ">=24.6.1" },
    { name = "templatey", specifier = ">=2025.7.3.0" },
    { name = "wat-inspector", specifier = ">=0.3.2" },
    { name = "whenever", specifier = ">=0.8.6" },
]
test = [
    { name = "finnr-testutils", editable = "sidecars_py/finnr_testutils" },
    { name = "pytest", specifier = ">=8.4.1" },
]

[[package]]
name = "finnr-codegen"
source = { editable = "sidecars_py/finnr_codegen" }

[[package]]
name = "finnr-testutils"
source = { editable = "sidecars_py/finnr_testutils" }

[[package]]
name = "iniconfig"
version = "2.1.0"
source = { registry = "https://pypi.org/simple" }
sdist = { url = "https://files.pythonhosted.org/packages/f2/97/ebf4da567aa6827c909642694d71c9fcf53e5b504f2d96afea02718862f3/iniconfig-2.1.0.tar.gz", hash = "sha256:3abbd2e30b36733fee78f9c7f7308f2d0050e88f0087fd25c2645f63c773e1c7", size = 4793 }
wheels = [
    { url = "https://files.pythonhosted.org/packages/2c/e1/e6716421ea10d38022b952c159d5161ca1193197fb744506875fbb87ea7b/iniconfig-2.1.0-py3-none-any.whl", hash = "sha256:9deba5723312380e77435581c6bf4935c94cbfab9b1ed33ef8d238ea168eb760", size = 6050 },
]

[[package]]
name = "packaging"
version = "25.0"
source = { registry = "https://pypi.org/simple" }
sdist = { url = "https://files.pythonhosted.org/packages/a1/d4/1fc4078c65507b51b96ca8f8c3ba19e6a61c8253c72794544580a7b6c24d/packaging-25.0.tar.gz", hash = "sha256:d443872c98d677bf60f6a1f2f8c1cb748e8fe762d2bf9d3148b5599295b0fc4f", size = 165727 }
wheels = [
    { url = "https://files.pythonhosted.org/packages/20/12/38679034af332785aac8774540895e234f4d07f7545804097de4b666afd8/packaging-25.0-py3-none-any.whl", hash = "sha256:29572ef2b1f17581046b3a2227d5c611fb25ec70ca1ba8554b24b0e69331a484", size = 66469 },
]

[[package]]
name = "pluggy"
version = "1.6.0"
source = { registry = "https://pypi.org/simple" }
sdist = { url = "https://files.pythonhosted.org/packages/f9/e2/3e91f31a7d2b083fe6ef3fa267035b518369d9511ffab804f839851d2779/pluggy-1.6.0.tar.gz", hash = "sha256:7dcc130b76258d33b90f61b658791dede3486c3e6bfb003ee5c9bfb396dd22f3", size = 69412 }
wheels = [
    { url = "https://files.pythonhosted.org/packages/54/20/4d324d65cc6d9205fabedc306948156824eb9f0ee1633355a8f7ec5c66bf/pluggy-1.6.0-py3-none-any.whl", hash = "sha256:e920276dd6813095e9377c0bc5566d94c932c33b27a3e3945d8389c374dd4746", size = 20538 },
]

[[package]]
name = "pycountry"
version = "24.6.1"
source = { registry = "https://pypi.org/simple" }
sdist = { url = "https://files.pythonhosted.org/packages/76/57/c389fa68c50590881a75b7883eeb3dc15e9e73a0fdc001cdd45c13290c92/pycountry-24.6.1.tar.gz", hash = "sha256:b61b3faccea67f87d10c1f2b0fc0be714409e8fcdcc1315613174f6466c10221", size = 6043910 }
wheels = [
    { url = "https://files.pythonhosted.org/packages/b1/ec/1fb891d8a2660716aadb2143235481d15ed1cbfe3ad669194690b0604492/pycountry-24.6.1-py3-none-any.whl", hash = "sha256:f1a4fb391cd7214f8eefd39556d740adcc233c778a27f8942c8dca351d6ce06f", size = 6335189 },
]

[[package]]
name = "pygments"
version = "2.19.2"
source = { registry = "https://pypi.org/simple" }
sdist = { url = "https://files.pythonhosted.org/packages/b0/77/a5b8c569bf593b0140bde72ea885a803b82086995367bf2037de0159d924/pygments-2.19.2.tar.gz", hash = "sha256:636cb2477cec7f8952536970bc533bc43743542f70392ae026374600add5b887", size = 4968631 }
wheels = [
    { url = "https://files.pythonhosted.org/packages/c7/21/705964c7812476f378728bdf590ca4b771ec72385c533964653c68e86bdc/pygments-2.19.2-py3-none-any.whl", hash = "sha256:86540386c03d588bb81d44bc3928634ff26449851e99741617ecb9037ee5ec0b", size = 1225217 },
]

[[package]]
name = "pytest"
version = "8.4.1"
source = { registry = "https://pypi.org/simple" }
dependencies = [
    { name = "colorama", marker = "sys_platform == 'win32'" },
    { name = "iniconfig" },
    { name = "packaging" },
    { name = "pluggy" },
    { name = "pygments" },
]
sdist = { url = "https://files.pythonhosted.org/packages/08/ba/45911d754e8eba3d5a841a5ce61a65a685ff1798421ac054f85aa8747dfb/pytest-8.4.1.tar.gz", hash = "sha256:7c67fd69174877359ed9371ec3af8a3d2b04741818c51e5e99cc1742251fa93c", size = 1517714 }
wheels = [
    { url = "https://files.pythonhosted.org/packages/29/16/c8a903f4c4dffe7a12843191437d7cd8e32751d5de349d45d3fe69544e87/pytest-8.4.1-py3-none-any.whl", hash = "sha256:539c70ba6fcead8e78eebbf1115e8b589e7565830d7d006a8723f19ac8a0afb7", size = 365474 },
]

[[package]]
name = "ruff"
version = "0.12.2"
source = { registry = "https://pypi.org/simple" }
sdist = { url = "https://files.pythonhosted.org/packages/6c/3d/d9a195676f25d00dbfcf3cf95fdd4c685c497fcfa7e862a44ac5e4e96480/ruff-0.12.2.tar.gz", hash = "sha256:d7b4f55cd6f325cb7621244f19c873c565a08aff5a4ba9c69aa7355f3f7afd3e", size = 4432239 }
wheels = [
    { url = "https://files.pythonhosted.org/packages/74/b6/2098d0126d2d3318fd5bec3ad40d06c25d377d95749f7a0c5af17129b3b1/ruff-0.12.2-py3-none-linux_armv6l.whl", hash = "sha256:093ea2b221df1d2b8e7ad92fc6ffdca40a2cb10d8564477a987b44fd4008a7be", size = 10369761 },
    { url = "https://files.pythonhosted.org/packages/b1/4b/5da0142033dbe155dc598cfb99262d8ee2449d76920ea92c4eeb9547c208/ruff-0.12.2-py3-none-macosx_10_12_x86_64.whl", hash = "sha256:09e4cf27cc10f96b1708100fa851e0daf21767e9709e1649175355280e0d950e", size = 11155659 },
    { url = "https://files.pythonhosted.org/packages/3e/21/967b82550a503d7c5c5c127d11c935344b35e8c521f52915fc858fb3e473/ruff-0.12.2-py3-none-macosx_11_0_arm64.whl", hash = "sha256:8ae64755b22f4ff85e9c52d1f82644abd0b6b6b6deedceb74bd71f35c24044cc", size = 10537769 },
    { url = "https://files.pythonhosted.org/packages/33/91/00cff7102e2ec71a4890fb7ba1803f2cdb122d82787c7d7cf8041fe8cbc1/ruff-0.12.2-py3-none-manylinux_2_17_aarch64.manylinux2014_aarch64.whl", hash = "sha256:3eb3a6b2db4d6e2c77e682f0b988d4d61aff06860158fdb413118ca133d57922", size = 10717602 },
    { url = "https://files.pythonhosted.org/packages/9b/eb/928814daec4e1ba9115858adcda44a637fb9010618721937491e4e2283b8/ruff-0.12.2-py3-none-manylinux_2_17_armv7l.manylinux2014_armv7l.whl", hash = "sha256:73448de992d05517170fc37169cbca857dfeaeaa8c2b9be494d7bcb0d36c8f4b", size = 10198772 },
    { url = "https://files.pythonhosted.org/packages/50/fa/f15089bc20c40f4f72334f9145dde55ab2b680e51afb3b55422effbf2fb6/ruff-0.12.2-py3-none-manylinux_2_17_i686.manylinux2014_i686.whl", hash = "sha256:3b8b94317cbc2ae4a2771af641739f933934b03555e51515e6e021c64441532d", size = 11845173 },
    { url = "https://files.pythonhosted.org/packages/43/9f/1f6f98f39f2b9302acc161a4a2187b1e3a97634fe918a8e731e591841cf4/ruff-0.12.2-py3-none-manylinux_2_17_ppc64.manylinux2014_ppc64.whl", hash = "sha256:45fc42c3bf1d30d2008023a0a9a0cfb06bf9835b147f11fe0679f21ae86d34b1", size = 12553002 },
    { url = "https://files.pythonhosted.org/packages/d8/70/08991ac46e38ddd231c8f4fd05ef189b1b94be8883e8c0c146a025c20a19/ruff-0.12.2-py3-none-manylinux_2_17_ppc64le.manylinux2014_ppc64le.whl", hash = "sha256:ce48f675c394c37e958bf229fb5c1e843e20945a6d962cf3ea20b7a107dcd9f4", size = 12171330 },
    { url = "https://files.pythonhosted.org/packages/88/a9/5a55266fec474acfd0a1c73285f19dd22461d95a538f29bba02edd07a5d9/ruff-0.12.2-py3-none-manylinux_2_17_s390x.manylinux2014_s390x.whl", hash = "sha256:793d8859445ea47591272021a81391350205a4af65a9392401f418a95dfb75c9", size = 11774717 },
    { url = "https://files.pythonhosted.org/packages/87/e5/0c270e458fc73c46c0d0f7cf970bb14786e5fdb88c87b5e423a4bd65232b/ruff-0.12.2-py3-none-manylinux_2_17_x86_64.manylinux2014_x86_64.whl", hash = "sha256:6932323db80484dda89153da3d8e58164d01d6da86857c79f1961934354992da", size = 11646659 },
    { url = "https://files.pythonhosted.org/packages/b7/b6/45ab96070c9752af37f0be364d849ed70e9ccede07675b0ec4e3ef76b63b/ruff-0.12.2-py3-none-musllinux_1_2_aarch64.whl", hash = "sha256:6aa7e623a3a11538108f61e859ebf016c4f14a7e6e4eba1980190cacb57714ce", size = 10604012 },
    { url = "https://files.pythonhosted.org/packages/86/91/26a6e6a424eb147cc7627eebae095cfa0b4b337a7c1c413c447c9ebb72fd/ruff-0.12.2-py3-none-musllinux_1_2_armv7l.whl", hash = "sha256:2a4a20aeed74671b2def096bdf2eac610c7d8ffcbf4fb0e627c06947a1d7078d", size = 10176799 },
    { url = "https://files.pythonhosted.org/packages/f5/0c/9f344583465a61c8918a7cda604226e77b2c548daf8ef7c2bfccf2b37200/ruff-0.12.2-py3-none-musllinux_1_2_i686.whl", hash = "sha256:71a4c550195612f486c9d1f2b045a600aeba851b298c667807ae933478fcef04", size = 11241507 },
    { url = "https://files.pythonhosted.org/packages/1c/b7/99c34ded8fb5f86c0280278fa89a0066c3760edc326e935ce0b1550d315d/ruff-0.12.2-py3-none-musllinux_1_2_x86_64.whl", hash = "sha256:4987b8f4ceadf597c927beee65a5eaf994c6e2b631df963f86d8ad1bdea99342", size = 11717609 },
    { url = "https://files.pythonhosted.org/packages/51/de/8589fa724590faa057e5a6d171e7f2f6cffe3287406ef40e49c682c07d89/ruff-0.12.2-py3-none-win32.whl", hash = "sha256:369ffb69b70cd55b6c3fc453b9492d98aed98062db9fec828cdfd069555f5f1a", size = 10523823 },
    { url = "https://files.pythonhosted.org/packages/94/47/8abf129102ae4c90cba0c2199a1a9b0fa896f6f806238d6f8c14448cc748/ruff-0.12.2-py3-none-win_amd64.whl", hash = "sha256:dca8a3b6d6dc9810ed8f328d406516bf4d660c00caeaef36eb831cf4871b0639", size = 11629831 },
    { url = "https://files.pythonhosted.org/packages/e2/1f/72d2946e3cc7456bb837e88000eb3437e55f80db339c840c04015a11115d/ruff-0.12.2-py3-none-win_arm64.whl", hash = "sha256:48d6c6bfb4761df68bc05ae630e24f506755e702d4fb08f08460be778c7ccb12", size = 10735334 },
]

[[package]]
name = "templatey"
version = "2025.7.3.0"
source = { registry = "https://pypi.org/simple" }
dependencies = [
    { name = "docnote" },
    { name = "typing-extensions" },
]
sdist = { url = "https://files.pythonhosted.org/packages/92/1c/aec53efd57cfb56366009ae42d6b980bf3951a68c6d63198e1cf7dc36ced/templatey-2025.7.3.0.tar.gz", hash = "sha256:0c9ec325203867e511ca54d9652bbe75795251b1af7c6657980a7683a8a52bd3", size = 56619 }
wheels = [
    { url = "https://files.pythonhosted.org/packages/8b/4b/1671fdee9b35fb698db16b18d2c201c7956c5399a620c9f681668a9bf971/templatey-2025.7.3.0-py3-none-any.whl", hash = "sha256:4f23d876eedee4f4b8b2994157d3a4ca830def698450937206621038404f8d0e", size = 64228 },
]

[[package]]
name = "typing-extensions"
version = "4.14.1"
source = { registry = "https://pypi.org/simple" }
sdist = { url = "https://files.pythonhosted.org/packages/98/5a/da40306b885cc8c09109dc2e1abd358d5684b1425678151cdaed4731c822/typing_extensions-4.14.1.tar.gz", hash = "sha256:38b39f4aeeab64884ce9f74c94263ef78f3c22467c8724005483154c26648d36", size = 107673 }
wheels = [
    { url = "https://files.pythonhosted.org/packages/b5/00/d631e67a838026495268c2f6884f3711a15a9a2a96cd244fdaea53b823fb/typing_extensions-4.14.1-py3-none-any.whl", hash = "sha256:d1e1e3b58374dc93031d6eda2420a48ea44a36c2b4766a4fdeb3710755731d76", size = 43906 },
]

[[package]]
name = "tzdata"
version = "2025.2"
source = { registry = "https://pypi.org/simple" }
sdist = { url = "https://files.pythonhosted.org/packages/95/32/1a225d6164441be760d75c2c42e2780dc0873fe382da3e98a2e1e48361e5/tzdata-2025.2.tar.gz", hash = "sha256:b60a638fcc0daffadf82fe0f57e53d06bdec2f36c4df66280ae79bce6bd6f2b9", size = 196380 }
wheels = [
    { url = "https://files.pythonhosted.org/packages/5c/23/c7abc0ca0a1526a0774eca151daeb8de62ec457e77262b66b359c3c7679e/tzdata-2025.2-py2.py3-none-any.whl", hash = "sha256:1a403fada01ff9221ca8044d701868fa132215d84beb92242d9acd2147f667a8", size = 347839 },
]

[[package]]
name = "wat-inspector"
version = "0.4.3"
source = { registry = "https://pypi.org/simple" }
sdist = { url = "https://files.pythonhosted.org/packages/71/ed/463950964282fb8e40d363baeba3b2852b3dba3c1acea538e553959fa721/wat_inspector-0.4.3.tar.gz", hash = "sha256:1c47c4943eec631d7d6412f4e6a225fa29c21db30143728d6bbb6f873790ec77", size = 23023 }
wheels = [
    { url = "https://files.pythonhosted.org/packages/0e/d0/05abf7dae933697d882ff7e410afb9b02e32640cc770cad2a63428e14f90/wat_inspector-0.4.3-py3-none-any.whl", hash = "sha256:b739b8779ccd729503caa8912cf1d1c59eba3762707f40ed6dbb92434af3bd1f", size = 15042 },
]

[[package]]
name = "whenever"
version = "0.8.6"
source = { registry = "https://pypi.org/simple" }
dependencies = [
    { name = "tzdata", marker = "sys_platform == 'win32'" },
]
sdist = { url = "https://files.pythonhosted.org/packages/d6/01/167a40a106e5114f897aed2d9ddf7239495f29cf248c905b8681af9b4943/whenever-0.8.6.tar.gz", hash = "sha256:aec343ce4b3e2c5981d6ede89b076dcd1a05cb00485f944e494464b93e559f38", size = 235121 }
wheels = [
    { url = "https://files.pythonhosted.org/packages/a9/9a/a7a24ff879332e10ebbaaa548bf8bc8af981845a3f1eda8a330ed84da27f/whenever-0.8.6-cp312-cp312-macosx_10_12_x86_64.whl", hash = "sha256:456a6c84fe3422ad8a79996b6929c5023569a7bd433b31a4165a6332c2bda431", size = 401991 },
    { url = "https://files.pythonhosted.org/packages/74/46/f5dcefd32455474ba70f2ded4bd07d7398ecd6ed06e2fc85d3120fc04c08/whenever-0.8.6-cp312-cp312-macosx_11_0_arm64.whl", hash = "sha256:73114979ab162bc9583328b1d19ccc8dc7f5a0d1e76c255ffd02852389e3271d", size = 391773 },
    { url = "https://files.pythonhosted.org/packages/15/bb/8dfb8d106ddf96d426132b75bba0481214030afae1db479cdb390cb66c65/whenever-0.8.6-cp312-cp312-manylinux_2_17_aarch64.manylinux2014_aarch64.whl", hash = "sha256:d0bd1ec798b6100f03b5d5ce290e7438c239532e788426a445182f33edf47e27", size = 419598 },
    { url = "https://files.pythonhosted.org/packages/32/77/86e5b82a6365dc52f72e82d07c33e9f26e153f6777882c66f5d7b454d408/whenever-0.8.6-cp312-cp312-manylinux_2_17_armv7l.manylinux2014_armv7l.whl", hash = "sha256:0603b6f548fa644bcd7745ca9ff8f7533f240939c716927e0dee15e0258451ac", size = 453535 },
    { url = "https://files.pythonhosted.org/packages/20/f3/b9dbaa3693487f1d63e8c349bd2232c2a1161fe48d59b0451cd2b910650e/whenever-0.8.6-cp312-cp312-manylinux_2_17_ppc64le.manylinux2014_ppc64le.whl", hash = "sha256:1a336fd9ed1987e60583ae4912014677ea479edbb41c344c3479684d894d724f", size = 552272 },
    { url = "https://files.pythonhosted.org/packages/28/a4/e5ea3c53e4c9143a5eceedab1eb6c24ed544e298ff07de3738549f35ce08/whenever-0.8.6-cp312-cp312-manylinux_2_17_s390x.manylinux2014_s390x.whl", hash = "sha256:2e9026297670c93fd3f4176ba822c5aff7d82640a1cfa0eb3d418e0228a1f615", size = 465387 },
    { url = "https://files.pythonhosted.org/packages/eb/d6/d66ab74f229942cb93c4eb737c9a2027b91bd9f667a523d8c3a5c3acf960/whenever-0.8.6-cp312-cp312-manylinux_2_17_x86_64.manylinux2014_x86_64.whl", hash = "sha256:a32015c17f11848595a9e1f3b998d284e711689bc38440e5a3536fd2ad62d72c", size = 433467 },
    { url = "https://files.pythonhosted.org/packages/26/62/cdafa0dd3c9931d7ead14ac2d8608a785fd0260f430fee23e0a75e6dede9/whenever-0.8.6-cp312-cp312-manylinux_2_5_i686.manylinux1_i686.whl", hash = "sha256:3a8da762194f165ac5324649410a1f0e7a9aa74c03e50628291e0e4449228a73", size = 482645 },
    { url = "https://files.pythonhosted.org/packages/19/ae/42c6e91cf391e091eada69aff1e2061500cfe2386990aff708a2d7cf8825/whenever-0.8.6-cp312-cp312-musllinux_1_2_aarch64.whl", hash = "sha256:29e3fd822b34d068daca44ba6292f18231bc8b56c3271ffbaab82383ec0298fc", size = 597490 },
    { url = "https://files.pythonhosted.org/packages/ad/69/b809581c986e0f4055e81c8bab9de43cd1e1e80c66314e4921a40bc4c005/whenever-0.8.6-cp312-cp312-musllinux_1_2_armv7l.whl", hash = "sha256:34d3378100eec815ea2fbded4b12d025773e60b242861616df4ae869920fc2e4", size = 717073 },
    { url = "https://files.pythonhosted.org/packages/ca/63/8c7e9bbe73b46da36d89633a676ae911f27990ad4418120244c9f833dfcc/whenever-0.8.6-cp312-cp312-musllinux_1_2_i686.whl", hash = "sha256:d15a7983a9704470749ab0ed69683688789f0c2015bc5725aa822bff88a81fff", size = 654139 },
    { url = "https://files.pythonhosted.org/packages/9f/7f/1f7c01011688da6f9ec2787c905be7d447e44cb3061131e61c5a4a73e5cf/whenever-0.8.6-cp312-cp312-musllinux_1_2_x86_64.whl", hash = "sha256:b18f35d1162bd7420cb2b92595c695c0fca9270bd272bd934b0e9e644cb787f7", size = 605067 },
    { url = "https://files.pythonhosted.org/packages/22/9e/72fd780c249c6ad39c365a35e557537c1cf9c275554493559712b3dc18f5/whenever-0.8.6-cp312-cp312-win32.whl", hash = "sha256:3abda82efe5374ab9a2daee3503d0a4b7a5e79a4cc98277225a396ff78fc86e9", size = 350410 },
    { url = "https://files.pythonhosted.org/packages/05/66/45a47add0f0be114edb8f667510e3d73b9b87f80bba21e3ceb91d779a895/whenever-0.8.6-cp312-cp312-win_amd64.whl", hash = "sha256:73df9cbed47b2e35734b88402aa924d9ec02eb8fdfb2b0b51d97fc41f5ca1761", size = 342845 },
    { url = "https://files.pythonhosted.org/packages/51/a7/2de0116209aec2955f1a28b9ce7b3da6d93836e1d54e19eeb8eb7dcd5535/whenever-0.8.6-cp313-cp313-macosx_10_12_x86_64.whl", hash = "sha256:a577db34d5fcaf6625d60120ddf40e029c53b02d0bc284202a698bf5711c3d4e", size = 402605 },
    { url = "https://files.pythonhosted.org/packages/81/00/d1e9007fc4005a7dbaaa3ebc4c198d83fd029ed8c0641486dc5612093056/whenever-0.8.6-cp313-cp313-macosx_11_0_arm64.whl", hash = "sha256:2cc7a2f12993011b2f86ab7ce2fe0184916a811ac671e7b174adb3e5873d3b9b", size = 391896 },
    { url = "https://files.pythonhosted.org/packages/ce/b4/3da447ccf2e564d98979a6bdb812a04ff8d2407cf66405d11e77811a0cf9/whenever-0.8.6-cp313-cp313-manylinux_2_17_aarch64.manylinux2014_aarch64.whl", hash = "sha256:e891ea13eeccd3124393410894cbba1c4ebabae88b8e37bc1d25e484f7c3e822", size = 420018 },
    { url = "https://files.pythonhosted.org/packages/b2/bf/1d6776537e41da73e12d1852f54771ecefecc81ea5212695edf9bd10e587/whenever-0.8.6-cp313-cp313-manylinux_2_17_armv7l.manylinux2014_armv7l.whl", hash = "sha256:303c7957e5936cb7fbfc1b40e11d2b056e5b55a7658d582c97538a0c0160315d", size = 453860 },
    { url = "https://files.pythonhosted.org/packages/31/b2/4d64836fd71b89e59c746acfb8f3d4a9d7080692884114be2bf0ffb2dfcf/whenever-0.8.6-cp313-cp313-manylinux_2_17_ppc64le.manylinux2014_ppc64le.whl", hash = "sha256:383402429e0b0b7eb87ca0dacd91c3921d2edaac4a46cbcf2cfe581646567cee", size = 551840 },
    { url = "https://files.pythonhosted.org/packages/09/cb/4f54b7a8eb7b1d775910b6c60f9f07ab57255a3a5019d6cc7cf05e6c0bb4/whenever-0.8.6-cp313-cp313-manylinux_2_17_s390x.manylinux2014_s390x.whl", hash = "sha256:8219f90ba29c40e8b66cb457ae75cc0df2330ae88c17efcdcd8d86001aeb1223", size = 465845 },
    { url = "https://files.pythonhosted.org/packages/c3/0e/d9ef30fc38556c78a54be2083caf7cf88828a8cc38917c3b770a025ba4c2/whenever-0.8.6-cp313-cp313-manylinux_2_17_x86_64.manylinux2014_x86_64.whl", hash = "sha256:954bcee4c53275c411a7f08d8f403c327df29a1acdc13508e954aa902ed313b8", size = 434578 },
    { url = "https://files.pythonhosted.org/packages/39/e9/d7455eace45e50ef8624fffd6094a6f062fa550e08db99fec2a368b83ce1/whenever-0.8.6-cp313-cp313-manylinux_2_5_i686.manylinux1_i686.whl", hash = "sha256:580320167292b1ed6c6d0377c0a94453cc1577509f5303ccbf464a31817d3f64", size = 483219 },
    { url = "https://files.pythonhosted.org/packages/5b/80/2ed562bcd35543776de1d84e16564b51ab9fef506c90cf7257c98d51e593/whenever-0.8.6-cp313-cp313-musllinux_1_2_aarch64.whl", hash = "sha256:80622a4e78c34f1d6f5cf62d70aef0c20fc8bbf546f85644eb50c40330a46415", size = 597921 },
    { url = "https://files.pythonhosted.org/packages/7c/cf/21caaf9d81cce97e52ff16c4cb8cecc9d872d417f56f6c0cbddece1590a1/whenever-0.8.6-cp313-cp313-musllinux_1_2_armv7l.whl", hash = "sha256:8c481abc2c58b36e9c7f817e5af04b49a99bbf6fc8181f336d9b5a8825bf849b", size = 717447 },
    { url = "https://files.pythonhosted.org/packages/44/ff/a4ef550e140568c082bb4e82f379afa3ff6d4a9259971d4f8d21938ae20e/whenever-0.8.6-cp313-cp313-musllinux_1_2_i686.whl", hash = "sha256:98ef19e47e83f03c391ddb5d031ec40c4769f34d4e09a6297e9551d8feb67e1f", size = 655031 },
    { url = "https://files.pythonhosted.org/packages/ff/4a/fcfe2059fbf99c5d1064d58c4302d280b49776b1e78e2deabe824391f42d/whenever-0.8.6-cp313-cp313-musllinux_1_2_x86_64.whl", hash = "sha256:c61b7036da21d3ed047710ac9ffff2ebd36dfcbb24ab32f37a675b850b781da7", size = 606056 },
    { url = "https://files.pythonhosted.org/packages/a4/42/db87cf1a1e4776528cd97b3d9832dac6ece3fb7db7ba8561769fcb99af3c/whenever-0.8.6-cp313-cp313-win32.whl", hash = "sha256:afd70e71cc8ae2e83a4182bcce9afa5d8c11c29ba948c15afc1387d6c01e4693", size = 349426 },
    { url = "https://files.pythonhosted.org/packages/3d/87/e6b2f7b8c5b3cf8184958501c100b4b0d7e4da174729f24663171023406c/whenever-0.8.6-cp313-cp313-win_amd64.whl", hash = "sha256:2ab4d90ba06173e8eba438b752e21172f5854e33ef65ac0f26a62a2d95487cce", size = 342494 },
]
